
Microsoft Visual Studio Solution File, Format Version 12.00
# Visual Studio Version 17
VisualStudioVersion = 17.3.32825.248
MinimumVisualStudioVersion = 10.0.40219.1
Project("{9A19103F-16F7-4668-BE54-9A1E7A4F7556}") = "AccountsManager.API", "AccountsManager\AccountsManager.API.csproj", "{E0CAD42A-1B55-4C43-9E13-69348B335C12}"
EndProject
Project("{9A19103F-16F7-4668-BE54-9A1E7A4F7556}") = "AccountsManager.DataModels", "AccountsManager.DataModels\AccountsManager.DataModels.csproj", "{CF38952D-6C9B-4BF9-B4F8-2FA6093B3C18}"
EndProject
Project("{9A19103F-16F7-4668-BE54-9A1E7A4F7556}") = "AccountsManager.Common", "AccountsManager.Common\AccountsManager.Common.csproj", "{0EB86547-33D2-4883-96D7-41B98FCE15AA}"
EndProject
Project("{9A19103F-16F7-4668-BE54-9A1E7A4F7556}") = "AccountsManager.DataAccess", "AccountsManager.DataAccess\AccountsManager.DataAccess.csproj", "{1D275BAA-831D-4CDF-96BB-51B14E5715A3}"
EndProject
Project("{9A19103F-16F7-4668-BE54-9A1E7A4F7556}") = "AccountsManager.Application", "AccountsManager.Application\AccountsManager.Application.csproj", "{F9877D24-F8C3-44D3-9055-03FC579F7ECD}"
EndProject
Project("{FAE04EC0-301F-11D3-BF4B-00C04F79EFBC}") = "AccountsManager.ApplicationModels", "AccountsManager.ApplicationModels\AccountsManager.ApplicationModels.csproj", "{23A6F7F2-7AC6-4DBE-B3E9-89A549CC013B}"
EndProject
Global
	GlobalSection(SolutionConfigurationPlatforms) = preSolution
		Debug|Any CPU = Debug|Any CPU
		Release|Any CPU = Release|Any CPU
	EndGlobalSection
	GlobalSection(ProjectConfigurationPlatforms) = postSolution
		{E0CAD42A-1B55-4C43-9E13-69348B335C12}.Debug|Any CPU.ActiveCfg = Debug|Any CPU
		{E0CAD42A-1B55-4C43-9E13-69348B335C12}.Debug|Any CPU.Build.0 = Debug|Any CPU
		{E0CAD42A-1B55-4C43-9E13-69348B335C12}.Release|Any CPU.ActiveCfg = Release|Any CPU
		{E0CAD42A-1B55-4C43-9E13-69348B335C12}.Release|Any CPU.Build.0 = Release|Any CPU
		{CF38952D-6C9B-4BF9-B4F8-2FA6093B3C18}.Debug|Any CPU.ActiveCfg = Debug|Any CPU
		{CF38952D-6C9B-4BF9-B4F8-2FA6093B3C18}.Debug|Any CPU.Build.0 = Debug|Any CPU
		{CF38952D-6C9B-4BF9-B4F8-2FA6093B3C18}.Release|Any CPU.ActiveCfg = Release|Any CPU
		{CF38952D-6C9B-4BF9-B4F8-2FA6093B3C18}.Release|Any CPU.Build.0 = Release|Any CPU
		{0EB86547-33D2-4883-96D7-41B98FCE15AA}.Debug|Any CPU.ActiveCfg = Debug|Any CPU
		{0EB86547-33D2-4883-96D7-41B98FCE15AA}.Debug|Any CPU.Build.0 = Debug|Any CPU
		{0EB86547-33D2-4883-96D7-41B98FCE15AA}.Release|Any CPU.ActiveCfg = Release|Any CPU
		{0EB86547-33D2-4883-96D7-41B98FCE15AA}.Release|Any CPU.Build.0 = Release|Any CPU
		{1D275BAA-831D-4CDF-96BB-51B14E5715A3}.Debug|Any CPU.ActiveCfg = Debug|Any CPU
		{1D275BAA-831D-4CDF-96BB-51B14E5715A3}.Debug|Any CPU.Build.0 = Debug|Any CPU
		{1D275BAA-831D-4CDF-96BB-51B14E5715A3}.Release|Any CPU.ActiveCfg = Release|Any CPU
		{1D275BAA-831D-4CDF-96BB-51B14E5715A3}.Release|Any CPU.Build.0 = Release|Any CPU
		{F9877D24-F8C3-44D3-9055-03FC579F7ECD}.Debug|Any CPU.ActiveCfg = Debug|Any CPU
		{F9877D24-F8C3-44D3-9055-03FC579F7ECD}.Debug|Any CPU.Build.0 = Debug|Any CPU
		{F9877D24-F8C3-44D3-9055-03FC579F7ECD}.Release|Any CPU.ActiveCfg = Release|Any CPU
		{F9877D24-F8C3-44D3-9055-03FC579F7ECD}.Release|Any CPU.Build.0 = Release|Any CPU
		{23A6F7F2-7AC6-4DBE-B3E9-89A549CC013B}.Debug|Any CPU.ActiveCfg = Debug|Any CPU
		{23A6F7F2-7AC6-4DBE-B3E9-89A549CC013B}.Debug|Any CPU.Build.0 = Debug|Any CPU
		{23A6F7F2-7AC6-4DBE-B3E9-89A549CC013B}.Release|Any CPU.ActiveCfg = Release|Any CPU
		{23A6F7F2-7AC6-4DBE-B3E9-89A549CC013B}.Release|Any CPU.Build.0 = Release|Any CPU
	EndGlobalSection
	GlobalSection(SolutionProperties) = preSolution
		HideSolutionNode = FALSE
	EndGlobalSection
	GlobalSection(ExtensibilityGlobals) = postSolution
		SolutionGuid = {F976DAA2-2C2C-4BE7-A25E-9D50DA7037EF}
	EndGlobalSection
EndGlobal
